// !$*UTF8*$!
{
	archiveVersion = 1;
	classes = {
	};
	objectVersion = 55;
	objects = {

/* Begin PBXBuildFile section */
		BD9038AD2838BA2B00AB172B /* AppDelegate.swift in Sources */ = {isa = PBXBuildFile; fileRef = BD9038AC2838BA2B00AB172B /* AppDelegate.swift */; };
		BD9038AF2838BA2B00AB172B /* SceneDelegate.swift in Sources */ = {isa = PBXBuildFile; fileRef = BD9038AE2838BA2B00AB172B /* SceneDelegate.swift */; };
		BD9038B12838BA2B00AB172B /* ViewController.swift in Sources */ = {isa = PBXBuildFile; fileRef = BD9038B02838BA2B00AB172B /* ViewController.swift */; };
		BD9038B42838BA2B00AB172B /* Main.storyboard in Resources */ = {isa = PBXBuildFile; fileRef = BD9038B22838BA2B00AB172B /* Main.storyboard */; };
		BD9038B62838BA2E00AB172B /* Assets.xcassets in Resources */ = {isa = PBXBuildFile; fileRef = BD9038B52838BA2E00AB172B /* Assets.xcassets */; };
		BD9038B92838BA2E00AB172B /* LaunchScreen.storyboard in Resources */ = {isa = PBXBuildFile; fileRef = BD9038B72838BA2E00AB172B /* LaunchScreen.storyboard */; };
		BD9038DF2838BC7200AB172B /* EssentialFeed.framework in Frameworks */ = {isa = PBXBuildFile; fileRef = BD9038DD2838BC7200AB172B /* EssentialFeed.framework */; };
		BD9038E02838BC7200AB172B /* EssentialFeed.framework in Embed Frameworks */ = {isa = PBXBuildFile; fileRef = BD9038DD2838BC7200AB172B /* EssentialFeed.framework */; settings = {ATTRIBUTES = (CodeSignOnCopy, RemoveHeadersOnCopy, ); }; };
		BD9038E12838BC7200AB172B /* EssentialFeediOS.framework in Frameworks */ = {isa = PBXBuildFile; fileRef = BD9038DE2838BC7200AB172B /* EssentialFeediOS.framework */; };
		BD9038E22838BC7200AB172B /* EssentialFeediOS.framework in Embed Frameworks */ = {isa = PBXBuildFile; fileRef = BD9038DE2838BC7200AB172B /* EssentialFeediOS.framework */; settings = {ATTRIBUTES = (CodeSignOnCopy, RemoveHeadersOnCopy, ); }; };
		BD9038E52838C29B00AB172B /* FeedLoaderWithFallbackCompositeTests.swift in Sources */ = {isa = PBXBuildFile; fileRef = BD9038E42838C29B00AB172B /* FeedLoaderWithFallbackCompositeTests.swift */; };
		BD9038E72838CF0700AB172B /* FeedLoaderWithFallbackComposite.swift in Sources */ = {isa = PBXBuildFile; fileRef = BD9038E62838CF0700AB172B /* FeedLoaderWithFallbackComposite.swift */; };
		BD9038E92838D76500AB172B /* FeedImageDataLoaderWithFallbackCompositeTests.swift in Sources */ = {isa = PBXBuildFile; fileRef = BD9038E82838D76400AB172B /* FeedImageDataLoaderWithFallbackCompositeTests.swift */; };
		BD9038EB2838E5C300AB172B /* FeedImageDataLoaderWithFallbackComposite.swift in Sources */ = {isa = PBXBuildFile; fileRef = BD9038EA2838E5C300AB172B /* FeedImageDataLoaderWithFallbackComposite.swift */; };
		BD9038EE2838E62600AB172B /* XCTestCase+MemoryLeakTracking.swift in Sources */ = {isa = PBXBuildFile; fileRef = BD9038ED2838E62600AB172B /* XCTestCase+MemoryLeakTracking.swift */; };
		BD9038F02838E67900AB172B /* SharedTestHelpers.swift in Sources */ = {isa = PBXBuildFile; fileRef = BD9038EF2838E67900AB172B /* SharedTestHelpers.swift */; };
		BD9038F2283F783F00AB172B /* FeedLoaderCacheDecoratorTests.swift in Sources */ = {isa = PBXBuildFile; fileRef = BD9038F1283F783F00AB172B /* FeedLoaderCacheDecoratorTests.swift */; };
		BD9038F4283F7F6D00AB172B /* FeedLoaderStub.swift in Sources */ = {isa = PBXBuildFile; fileRef = BD9038F3283F7F6D00AB172B /* FeedLoaderStub.swift */; };
		BD9038F6283F809D00AB172B /* XCTestCase+FeedLoader.swift in Sources */ = {isa = PBXBuildFile; fileRef = BD9038F5283F809D00AB172B /* XCTestCase+FeedLoader.swift */; };
		BD9038FA283F8B4C00AB172B /* FeedLoaderCacheDecorator.swift in Sources */ = {isa = PBXBuildFile; fileRef = BD9038F9283F8B4C00AB172B /* FeedLoaderCacheDecorator.swift */; };
		BD9038FC283F9FC800AB172B /* FeedImageDataLoaderCacheDecoratorTests.swift in Sources */ = {isa = PBXBuildFile; fileRef = BD9038FB283F9FC800AB172B /* FeedImageDataLoaderCacheDecoratorTests.swift */; };
		BD9038FE284203AC00AB172B /* FeedImageDataLoaderSpy.swift in Sources */ = {isa = PBXBuildFile; fileRef = BD9038FD284203AC00AB172B /* FeedImageDataLoaderSpy.swift */; };
		BD9039002842042F00AB172B /* XCTestCase+FeedImageDataLoader.swift in Sources */ = {isa = PBXBuildFile; fileRef = BD9038FF2842042F00AB172B /* XCTestCase+FeedImageDataLoader.swift */; };
		BD903904284209EF00AB172B /* FeedImageDataLoaderCacheDecorator.swift in Sources */ = {isa = PBXBuildFile; fileRef = BD903903284209EF00AB172B /* FeedImageDataLoaderCacheDecorator.swift */; };
		BDD9ACDF284C99CE00561721 /* SceneDelegateTests.swift in Sources */ = {isa = PBXBuildFile; fileRef = BDD9ACDE284C99CE00561721 /* SceneDelegateTests.swift */; };
		BDD9ACE6284C9DE300561721 /* FeedViewAdapter.swift in Sources */ = {isa = PBXBuildFile; fileRef = BDD9ACE4284C9DE300561721 /* FeedViewAdapter.swift */; };
		BDD9ACE7284C9DE300561721 /* MainQueueDispatchDecorator.swift in Sources */ = {isa = PBXBuildFile; fileRef = BDD9ACE2284C9DE200561721 /* MainQueueDispatchDecorator.swift */; };
		BDD9ACE8284C9DE300561721 /* FeedImageDataLoaderPresentationAdapter.swift in Sources */ = {isa = PBXBuildFile; fileRef = BDD9ACE1284C9DE200561721 /* FeedImageDataLoaderPresentationAdapter.swift */; };
		BDD9ACE9284C9DE300561721 /* FeedLoaderPresentationAdapter.swift in Sources */ = {isa = PBXBuildFile; fileRef = BDD9ACE3284C9DE200561721 /* FeedLoaderPresentationAdapter.swift */; };
		BDD9ACEA284C9DE300561721 /* FeedUIComposer.swift in Sources */ = {isa = PBXBuildFile; fileRef = BDD9ACE5284C9DE300561721 /* FeedUIComposer.swift */; };
		BDD9ACEB284C9DE300561721 /* WeakRefVirtualProxy.swift in Sources */ = {isa = PBXBuildFile; fileRef = BDD9ACE0284C9DE200561721 /* WeakRefVirtualProxy.swift */; };
		BDD9ACF5284C9E4900561721 /* FeedImageCell+TestHelpers.swift in Sources */ = {isa = PBXBuildFile; fileRef = BDD9ACEF284C9E4800561721 /* FeedImageCell+TestHelpers.swift */; };
		BDD9ACF6284C9E4900561721 /* UIControl+TestHelpers.swift in Sources */ = {isa = PBXBuildFile; fileRef = BDD9ACEE284C9E4700561721 /* UIControl+TestHelpers.swift */; };
		BDD9ACF7284C9E4900561721 /* FeedUIIntegrationTests+Localization.swift in Sources */ = {isa = PBXBuildFile; fileRef = BDD9ACF1284C9E4800561721 /* FeedUIIntegrationTests+Localization.swift */; };
		BDD9ACF8284C9E4900561721 /* UIImage+TestHelpers.swift in Sources */ = {isa = PBXBuildFile; fileRef = BDD9ACF0284C9E4800561721 /* UIImage+TestHelpers.swift */; };
		BDD9ACF9284C9E4900561721 /* UIRefreshControl+TestHelpers.swift in Sources */ = {isa = PBXBuildFile; fileRef = BDD9ACF3284C9E4900561721 /* UIRefreshControl+TestHelpers.swift */; };
		BDD9ACFA284C9E4900561721 /* FeedUIIntegrationTests+LoaderSpy.swift in Sources */ = {isa = PBXBuildFile; fileRef = BDD9ACEC284C9E4700561721 /* FeedUIIntegrationTests+LoaderSpy.swift */; };
		BDD9ACFB284C9E4900561721 /* FeedViewController+TestHelpers.swift in Sources */ = {isa = PBXBuildFile; fileRef = BDD9ACF4284C9E4900561721 /* FeedViewController+TestHelpers.swift */; };
		BDD9ACFC284C9E4900561721 /* UIButton+TestHelpers.swift in Sources */ = {isa = PBXBuildFile; fileRef = BDD9ACED284C9E4700561721 /* UIButton+TestHelpers.swift */; };
		BDD9ACFD284C9E4900561721 /* FeedUIIntegrationTests+Assertions.swift in Sources */ = {isa = PBXBuildFile; fileRef = BDD9ACF2284C9E4800561721 /* FeedUIIntegrationTests+Assertions.swift */; };
		BDD9ACFF284C9E8300561721 /* FeedUIIntegrationTests.swift in Sources */ = {isa = PBXBuildFile; fileRef = BDD9ACFE284C9E8300561721 /* FeedUIIntegrationTests.swift */; };
		BDD9AD01284CA15100561721 /* FeedAcceptanceTests.swift in Sources */ = {isa = PBXBuildFile; fileRef = BDD9AD00284CA15100561721 /* FeedAcceptanceTests.swift */; };
		BDD9AD122855A55F00561721 /* UIView+TestHelpers.swift in Sources */ = {isa = PBXBuildFile; fileRef = BDD9AD112855A55F00561721 /* UIView+TestHelpers.swift */; };
/* End PBXBuildFile section */

/* Begin PBXContainerItemProxy section */
		BD9038C02838BA2E00AB172B /* PBXContainerItemProxy */ = {
			isa = PBXContainerItemProxy;
			containerPortal = BD9038A12838BA2B00AB172B /* Project object */;
			proxyType = 1;
			remoteGlobalIDString = BD9038A82838BA2B00AB172B;
			remoteInfo = EssentialApp;
		};
/* End PBXContainerItemProxy section */

/* Begin PBXCopyFilesBuildPhase section */
		BD9038E32838BC7200AB172B /* Embed Frameworks */ = {
			isa = PBXCopyFilesBuildPhase;
			buildActionMask = 2147483647;
			dstPath = "";
			dstSubfolderSpec = 10;
			files = (
				BD9038E02838BC7200AB172B /* EssentialFeed.framework in Embed Frameworks */,
				BD9038E22838BC7200AB172B /* EssentialFeediOS.framework in Embed Frameworks */,
			);
			name = "Embed Frameworks";
			runOnlyForDeploymentPostprocessing = 0;
		};
/* End PBXCopyFilesBuildPhase section */

/* Begin PBXFileReference section */
		BD9038A92838BA2B00AB172B /* EssentialApp.app */ = {isa = PBXFileReference; explicitFileType = wrapper.application; includeInIndex = 0; path = EssentialApp.app; sourceTree = BUILT_PRODUCTS_DIR; };
		BD9038AC2838BA2B00AB172B /* AppDelegate.swift */ = {isa = PBXFileReference; lastKnownFileType = sourcecode.swift; path = AppDelegate.swift; sourceTree = "<group>"; };
		BD9038AE2838BA2B00AB172B /* SceneDelegate.swift */ = {isa = PBXFileReference; lastKnownFileType = sourcecode.swift; path = SceneDelegate.swift; sourceTree = "<group>"; };
		BD9038B02838BA2B00AB172B /* ViewController.swift */ = {isa = PBXFileReference; lastKnownFileType = sourcecode.swift; path = ViewController.swift; sourceTree = "<group>"; };
		BD9038B32838BA2B00AB172B /* Base */ = {isa = PBXFileReference; lastKnownFileType = file.storyboard; name = Base; path = Base.lproj/Main.storyboard; sourceTree = "<group>"; };
		BD9038B52838BA2E00AB172B /* Assets.xcassets */ = {isa = PBXFileReference; lastKnownFileType = folder.assetcatalog; path = Assets.xcassets; sourceTree = "<group>"; };
		BD9038B82838BA2E00AB172B /* Base */ = {isa = PBXFileReference; lastKnownFileType = file.storyboard; name = Base; path = Base.lproj/LaunchScreen.storyboard; sourceTree = "<group>"; };
		BD9038BA2838BA2E00AB172B /* Info.plist */ = {isa = PBXFileReference; lastKnownFileType = text.plist.xml; path = Info.plist; sourceTree = "<group>"; };
		BD9038BF2838BA2E00AB172B /* EssentialAppTests.xctest */ = {isa = PBXFileReference; explicitFileType = wrapper.cfbundle; includeInIndex = 0; path = EssentialAppTests.xctest; sourceTree = BUILT_PRODUCTS_DIR; };
		BD9038DD2838BC7200AB172B /* EssentialFeed.framework */ = {isa = PBXFileReference; explicitFileType = wrapper.framework; path = EssentialFeed.framework; sourceTree = BUILT_PRODUCTS_DIR; };
		BD9038DE2838BC7200AB172B /* EssentialFeediOS.framework */ = {isa = PBXFileReference; explicitFileType = wrapper.framework; path = EssentialFeediOS.framework; sourceTree = BUILT_PRODUCTS_DIR; };
		BD9038E42838C29B00AB172B /* FeedLoaderWithFallbackCompositeTests.swift */ = {isa = PBXFileReference; lastKnownFileType = sourcecode.swift; path = FeedLoaderWithFallbackCompositeTests.swift; sourceTree = "<group>"; };
		BD9038E62838CF0700AB172B /* FeedLoaderWithFallbackComposite.swift */ = {isa = PBXFileReference; lastKnownFileType = sourcecode.swift; path = FeedLoaderWithFallbackComposite.swift; sourceTree = "<group>"; };
		BD9038E82838D76400AB172B /* FeedImageDataLoaderWithFallbackCompositeTests.swift */ = {isa = PBXFileReference; lastKnownFileType = sourcecode.swift; path = FeedImageDataLoaderWithFallbackCompositeTests.swift; sourceTree = "<group>"; };
		BD9038EA2838E5C300AB172B /* FeedImageDataLoaderWithFallbackComposite.swift */ = {isa = PBXFileReference; lastKnownFileType = sourcecode.swift; path = FeedImageDataLoaderWithFallbackComposite.swift; sourceTree = "<group>"; };
		BD9038ED2838E62600AB172B /* XCTestCase+MemoryLeakTracking.swift */ = {isa = PBXFileReference; lastKnownFileType = sourcecode.swift; path = "XCTestCase+MemoryLeakTracking.swift"; sourceTree = "<group>"; };
		BD9038EF2838E67900AB172B /* SharedTestHelpers.swift */ = {isa = PBXFileReference; lastKnownFileType = sourcecode.swift; path = SharedTestHelpers.swift; sourceTree = "<group>"; };
		BD9038F1283F783F00AB172B /* FeedLoaderCacheDecoratorTests.swift */ = {isa = PBXFileReference; lastKnownFileType = sourcecode.swift; path = FeedLoaderCacheDecoratorTests.swift; sourceTree = "<group>"; };
		BD9038F3283F7F6D00AB172B /* FeedLoaderStub.swift */ = {isa = PBXFileReference; lastKnownFileType = sourcecode.swift; path = FeedLoaderStub.swift; sourceTree = "<group>"; };
		BD9038F5283F809D00AB172B /* XCTestCase+FeedLoader.swift */ = {isa = PBXFileReference; lastKnownFileType = sourcecode.swift; path = "XCTestCase+FeedLoader.swift"; sourceTree = "<group>"; };
		BD9038F9283F8B4C00AB172B /* FeedLoaderCacheDecorator.swift */ = {isa = PBXFileReference; lastKnownFileType = sourcecode.swift; path = FeedLoaderCacheDecorator.swift; sourceTree = "<group>"; };
		BD9038FB283F9FC800AB172B /* FeedImageDataLoaderCacheDecoratorTests.swift */ = {isa = PBXFileReference; lastKnownFileType = sourcecode.swift; path = FeedImageDataLoaderCacheDecoratorTests.swift; sourceTree = "<group>"; };
		BD9038FD284203AC00AB172B /* FeedImageDataLoaderSpy.swift */ = {isa = PBXFileReference; lastKnownFileType = sourcecode.swift; path = FeedImageDataLoaderSpy.swift; sourceTree = "<group>"; };
		BD9038FF2842042F00AB172B /* XCTestCase+FeedImageDataLoader.swift */ = {isa = PBXFileReference; lastKnownFileType = sourcecode.swift; path = "XCTestCase+FeedImageDataLoader.swift"; sourceTree = "<group>"; };
		BD903903284209EF00AB172B /* FeedImageDataLoaderCacheDecorator.swift */ = {isa = PBXFileReference; lastKnownFileType = sourcecode.swift; path = FeedImageDataLoaderCacheDecorator.swift; sourceTree = "<group>"; };
		BDD9ACDE284C99CE00561721 /* SceneDelegateTests.swift */ = {isa = PBXFileReference; lastKnownFileType = sourcecode.swift; path = SceneDelegateTests.swift; sourceTree = "<group>"; };
		BDD9ACE0284C9DE200561721 /* WeakRefVirtualProxy.swift */ = {isa = PBXFileReference; lastKnownFileType = sourcecode.swift; path = WeakRefVirtualProxy.swift; sourceTree = "<group>"; };
		BDD9ACE1284C9DE200561721 /* FeedImageDataLoaderPresentationAdapter.swift */ = {isa = PBXFileReference; lastKnownFileType = sourcecode.swift; path = FeedImageDataLoaderPresentationAdapter.swift; sourceTree = "<group>"; };
		BDD9ACE2284C9DE200561721 /* MainQueueDispatchDecorator.swift */ = {isa = PBXFileReference; lastKnownFileType = sourcecode.swift; path = MainQueueDispatchDecorator.swift; sourceTree = "<group>"; };
		BDD9ACE3284C9DE200561721 /* FeedLoaderPresentationAdapter.swift */ = {isa = PBXFileReference; lastKnownFileType = sourcecode.swift; path = FeedLoaderPresentationAdapter.swift; sourceTree = "<group>"; };
		BDD9ACE4284C9DE300561721 /* FeedViewAdapter.swift */ = {isa = PBXFileReference; lastKnownFileType = sourcecode.swift; path = FeedViewAdapter.swift; sourceTree = "<group>"; };
		BDD9ACE5284C9DE300561721 /* FeedUIComposer.swift */ = {isa = PBXFileReference; lastKnownFileType = sourcecode.swift; path = FeedUIComposer.swift; sourceTree = "<group>"; };
		BDD9ACEC284C9E4700561721 /* FeedUIIntegrationTests+LoaderSpy.swift */ = {isa = PBXFileReference; lastKnownFileType = sourcecode.swift; path = "FeedUIIntegrationTests+LoaderSpy.swift"; sourceTree = "<group>"; };
		BDD9ACED284C9E4700561721 /* UIButton+TestHelpers.swift */ = {isa = PBXFileReference; lastKnownFileType = sourcecode.swift; path = "UIButton+TestHelpers.swift"; sourceTree = "<group>"; };
		BDD9ACEE284C9E4700561721 /* UIControl+TestHelpers.swift */ = {isa = PBXFileReference; lastKnownFileType = sourcecode.swift; path = "UIControl+TestHelpers.swift"; sourceTree = "<group>"; };
		BDD9ACEF284C9E4800561721 /* FeedImageCell+TestHelpers.swift */ = {isa = PBXFileReference; lastKnownFileType = sourcecode.swift; path = "FeedImageCell+TestHelpers.swift"; sourceTree = "<group>"; };
		BDD9ACF0284C9E4800561721 /* UIImage+TestHelpers.swift */ = {isa = PBXFileReference; lastKnownFileType = sourcecode.swift; path = "UIImage+TestHelpers.swift"; sourceTree = "<group>"; };
		BDD9ACF1284C9E4800561721 /* FeedUIIntegrationTests+Localization.swift */ = {isa = PBXFileReference; fileEncoding = 4; lastKnownFileType = sourcecode.swift; path = "FeedUIIntegrationTests+Localization.swift"; sourceTree = "<group>"; };
		BDD9ACF2284C9E4800561721 /* FeedUIIntegrationTests+Assertions.swift */ = {isa = PBXFileReference; lastKnownFileType = sourcecode.swift; path = "FeedUIIntegrationTests+Assertions.swift"; sourceTree = "<group>"; };
		BDD9ACF3284C9E4900561721 /* UIRefreshControl+TestHelpers.swift */ = {isa = PBXFileReference; lastKnownFileType = sourcecode.swift; path = "UIRefreshControl+TestHelpers.swift"; sourceTree = "<group>"; };
		BDD9ACF4284C9E4900561721 /* FeedViewController+TestHelpers.swift */ = {isa = PBXFileReference; lastKnownFileType = sourcecode.swift; path = "FeedViewController+TestHelpers.swift"; sourceTree = "<group>"; };
		BDD9ACFE284C9E8300561721 /* FeedUIIntegrationTests.swift */ = {isa = PBXFileReference; lastKnownFileType = sourcecode.swift; path = FeedUIIntegrationTests.swift; sourceTree = "<group>"; };
		BDD9AD00284CA15100561721 /* FeedAcceptanceTests.swift */ = {isa = PBXFileReference; lastKnownFileType = sourcecode.swift; path = FeedAcceptanceTests.swift; sourceTree = "<group>"; };
		BDD9AD112855A55F00561721 /* UIView+TestHelpers.swift */ = {isa = PBXFileReference; lastKnownFileType = sourcecode.swift; path = "UIView+TestHelpers.swift"; sourceTree = "<group>"; };
/* End PBXFileReference section */

/* Begin PBXFrameworksBuildPhase section */
		BD9038A62838BA2B00AB172B /* Frameworks */ = {
			isa = PBXFrameworksBuildPhase;
			buildActionMask = 2147483647;
			files = (
				BD9038DF2838BC7200AB172B /* EssentialFeed.framework in Frameworks */,
				BD9038E12838BC7200AB172B /* EssentialFeediOS.framework in Frameworks */,
			);
			runOnlyForDeploymentPostprocessing = 0;
		};
		BD9038BC2838BA2E00AB172B /* Frameworks */ = {
			isa = PBXFrameworksBuildPhase;
			buildActionMask = 2147483647;
			files = (
			);
			runOnlyForDeploymentPostprocessing = 0;
		};
/* End PBXFrameworksBuildPhase section */

/* Begin PBXGroup section */
		BD9038A02838BA2B00AB172B = {
			isa = PBXGroup;
			children = (
				BD9038AB2838BA2B00AB172B /* EssentialApp */,
				BD9038C22838BA2E00AB172B /* EssentialAppTests */,
				BD9038AA2838BA2B00AB172B /* Products */,
				BD9038DC2838BC7200AB172B /* Frameworks */,
			);
			sourceTree = "<group>";
		};
		BD9038AA2838BA2B00AB172B /* Products */ = {
			isa = PBXGroup;
			children = (
				BD9038A92838BA2B00AB172B /* EssentialApp.app */,
				BD9038BF2838BA2E00AB172B /* EssentialAppTests.xctest */,
			);
			name = Products;
			sourceTree = "<group>";
		};
		BD9038AB2838BA2B00AB172B /* EssentialApp */ = {
			isa = PBXGroup;
			children = (
				BD9038AC2838BA2B00AB172B /* AppDelegate.swift */,
				BD9038AE2838BA2B00AB172B /* SceneDelegate.swift */,
				BDD9ACE5284C9DE300561721 /* FeedUIComposer.swift */,
				BDD9ACE2284C9DE200561721 /* MainQueueDispatchDecorator.swift */,
				BDD9ACE0284C9DE200561721 /* WeakRefVirtualProxy.swift */,
				BDD9ACE1284C9DE200561721 /* FeedImageDataLoaderPresentationAdapter.swift */,
				BDD9ACE3284C9DE200561721 /* FeedLoaderPresentationAdapter.swift */,
				BDD9ACE4284C9DE300561721 /* FeedViewAdapter.swift */,
				BD9038B02838BA2B00AB172B /* ViewController.swift */,
				BD9038B22838BA2B00AB172B /* Main.storyboard */,
				BD9038B52838BA2E00AB172B /* Assets.xcassets */,
				BD9038B72838BA2E00AB172B /* LaunchScreen.storyboard */,
				BD9038BA2838BA2E00AB172B /* Info.plist */,
				BD9038E62838CF0700AB172B /* FeedLoaderWithFallbackComposite.swift */,
				BD9038F9283F8B4C00AB172B /* FeedLoaderCacheDecorator.swift */,
				BD9038EA2838E5C300AB172B /* FeedImageDataLoaderWithFallbackComposite.swift */,
				BD903903284209EF00AB172B /* FeedImageDataLoaderCacheDecorator.swift */,
			);
			path = EssentialApp;
			sourceTree = "<group>";
		};
		BD9038C22838BA2E00AB172B /* EssentialAppTests */ = {
			isa = PBXGroup;
			children = (
				BD9038EC2838E60D00AB172B /* Helpers */,
				BDD9ACDE284C99CE00561721 /* SceneDelegateTests.swift */,
				BDD9ACFE284C9E8300561721 /* FeedUIIntegrationTests.swift */,
				BD9038E42838C29B00AB172B /* FeedLoaderWithFallbackCompositeTests.swift */,
				BD9038F1283F783F00AB172B /* FeedLoaderCacheDecoratorTests.swift */,
				BD9038E82838D76400AB172B /* FeedImageDataLoaderWithFallbackCompositeTests.swift */,
				BD9038FB283F9FC800AB172B /* FeedImageDataLoaderCacheDecoratorTests.swift */,
				BDD9AD00284CA15100561721 /* FeedAcceptanceTests.swift */,
			);
			path = EssentialAppTests;
			sourceTree = "<group>";
		};
		BD9038DC2838BC7200AB172B /* Frameworks */ = {
			isa = PBXGroup;
			children = (
				BD9038DD2838BC7200AB172B /* EssentialFeed.framework */,
				BD9038DE2838BC7200AB172B /* EssentialFeediOS.framework */,
			);
			name = Frameworks;
			sourceTree = "<group>";
		};
		BD9038EC2838E60D00AB172B /* Helpers */ = {
			isa = PBXGroup;
			children = (
				BDD9ACF0284C9E4800561721 /* UIImage+TestHelpers.swift */,
				BDD9ACF3284C9E4900561721 /* UIRefreshControl+TestHelpers.swift */,
				BDD9ACED284C9E4700561721 /* UIButton+TestHelpers.swift */,
				BDD9ACEE284C9E4700561721 /* UIControl+TestHelpers.swift */,
				BDD9ACF4284C9E4900561721 /* FeedViewController+TestHelpers.swift */,
				BDD9ACEF284C9E4800561721 /* FeedImageCell+TestHelpers.swift */,
				BDD9ACEC284C9E4700561721 /* FeedUIIntegrationTests+LoaderSpy.swift */,
				BDD9ACF2284C9E4800561721 /* FeedUIIntegrationTests+Assertions.swift */,
				BDD9ACF1284C9E4800561721 /* FeedUIIntegrationTests+Localization.swift */,
				BD9038ED2838E62600AB172B /* XCTestCase+MemoryLeakTracking.swift */,
				BD9038EF2838E67900AB172B /* SharedTestHelpers.swift */,
				BD9038F3283F7F6D00AB172B /* FeedLoaderStub.swift */,
				BD9038FD284203AC00AB172B /* FeedImageDataLoaderSpy.swift */,
				BD9038F5283F809D00AB172B /* XCTestCase+FeedLoader.swift */,
				BD9038FF2842042F00AB172B /* XCTestCase+FeedImageDataLoader.swift */,
				BDD9AD112855A55F00561721 /* UIView+TestHelpers.swift */,
			);
			path = Helpers;
			sourceTree = "<group>";
		};
/* End PBXGroup section */

/* Begin PBXNativeTarget section */
		BD9038A82838BA2B00AB172B /* EssentialApp */ = {
			isa = PBXNativeTarget;
			buildConfigurationList = BD9038D32838BA2E00AB172B /* Build configuration list for PBXNativeTarget "EssentialApp" */;
			buildPhases = (
				BD9038A52838BA2B00AB172B /* Sources */,
				BD9038A62838BA2B00AB172B /* Frameworks */,
				BD9038A72838BA2B00AB172B /* Resources */,
				BD9038E32838BC7200AB172B /* Embed Frameworks */,
			);
			buildRules = (
			);
			dependencies = (
			);
			name = EssentialApp;
			productName = EssentialApp;
			productReference = BD9038A92838BA2B00AB172B /* EssentialApp.app */;
			productType = "com.apple.product-type.application";
		};
		BD9038BE2838BA2E00AB172B /* EssentialAppTests */ = {
			isa = PBXNativeTarget;
			buildConfigurationList = BD9038D62838BA2E00AB172B /* Build configuration list for PBXNativeTarget "EssentialAppTests" */;
			buildPhases = (
				BD9038BB2838BA2E00AB172B /* Sources */,
				BD9038BC2838BA2E00AB172B /* Frameworks */,
				BD9038BD2838BA2E00AB172B /* Resources */,
			);
			buildRules = (
			);
			dependencies = (
				BD9038C12838BA2E00AB172B /* PBXTargetDependency */,
			);
			name = EssentialAppTests;
			productName = EssentialAppTests;
			productReference = BD9038BF2838BA2E00AB172B /* EssentialAppTests.xctest */;
			productType = "com.apple.product-type.bundle.unit-test";
		};
/* End PBXNativeTarget section */

/* Begin PBXProject section */
		BD9038A12838BA2B00AB172B /* Project object */ = {
			isa = PBXProject;
			attributes = {
				BuildIndependentTargetsInParallel = 1;
				LastSwiftUpdateCheck = 1320;
				LastUpgradeCheck = 1320;
				TargetAttributes = {
					BD9038A82838BA2B00AB172B = {
						CreatedOnToolsVersion = 13.2.1;
					};
					BD9038BE2838BA2E00AB172B = {
						CreatedOnToolsVersion = 13.2.1;
						LastSwiftMigration = 1320;
						TestTargetID = BD9038A82838BA2B00AB172B;
					};
				};
			};
			buildConfigurationList = BD9038A42838BA2B00AB172B /* Build configuration list for PBXProject "EssentialApp" */;
			compatibilityVersion = "Xcode 13.0";
			developmentRegion = en;
			hasScannedForEncodings = 0;
			knownRegions = (
				en,
				Base,
			);
			mainGroup = BD9038A02838BA2B00AB172B;
			productRefGroup = BD9038AA2838BA2B00AB172B /* Products */;
			projectDirPath = "";
			projectRoot = "";
			targets = (
				BD9038A82838BA2B00AB172B /* EssentialApp */,
				BD9038BE2838BA2E00AB172B /* EssentialAppTests */,
			);
		};
/* End PBXProject section */

/* Begin PBXResourcesBuildPhase section */
		BD9038A72838BA2B00AB172B /* Resources */ = {
			isa = PBXResourcesBuildPhase;
			buildActionMask = 2147483647;
			files = (
				BD9038B92838BA2E00AB172B /* LaunchScreen.storyboard in Resources */,
				BD9038B62838BA2E00AB172B /* Assets.xcassets in Resources */,
				BD9038B42838BA2B00AB172B /* Main.storyboard in Resources */,
			);
			runOnlyForDeploymentPostprocessing = 0;
		};
		BD9038BD2838BA2E00AB172B /* Resources */ = {
			isa = PBXResourcesBuildPhase;
			buildActionMask = 2147483647;
			files = (
			);
			runOnlyForDeploymentPostprocessing = 0;
		};
/* End PBXResourcesBuildPhase section */

/* Begin PBXSourcesBuildPhase section */
		BD9038A52838BA2B00AB172B /* Sources */ = {
			isa = PBXSourcesBuildPhase;
			buildActionMask = 2147483647;
			files = (
				BD9038B12838BA2B00AB172B /* ViewController.swift in Sources */,
				BD9038AD2838BA2B00AB172B /* AppDelegate.swift in Sources */,
				BD9038E72838CF0700AB172B /* FeedLoaderWithFallbackComposite.swift in Sources */,
				BD9038FA283F8B4C00AB172B /* FeedLoaderCacheDecorator.swift in Sources */,
				BD9038AF2838BA2B00AB172B /* SceneDelegate.swift in Sources */,
				BDD9ACE9284C9DE300561721 /* FeedLoaderPresentationAdapter.swift in Sources */,
				BDD9ACEA284C9DE300561721 /* FeedUIComposer.swift in Sources */,
				BDD9ACE7284C9DE300561721 /* MainQueueDispatchDecorator.swift in Sources */,
				BD9038EB2838E5C300AB172B /* FeedImageDataLoaderWithFallbackComposite.swift in Sources */,
				BDD9ACE6284C9DE300561721 /* FeedViewAdapter.swift in Sources */,
				BDD9ACE8284C9DE300561721 /* FeedImageDataLoaderPresentationAdapter.swift in Sources */,
				BDD9ACEB284C9DE300561721 /* WeakRefVirtualProxy.swift in Sources */,
				BD903904284209EF00AB172B /* FeedImageDataLoaderCacheDecorator.swift in Sources */,
			);
			runOnlyForDeploymentPostprocessing = 0;
		};
		BD9038BB2838BA2E00AB172B /* Sources */ = {
			isa = PBXSourcesBuildPhase;
			buildActionMask = 2147483647;
			files = (
				BDD9ACFA284C9E4900561721 /* FeedUIIntegrationTests+LoaderSpy.swift in Sources */,
				BD9038F02838E67900AB172B /* SharedTestHelpers.swift in Sources */,
				BD9038FC283F9FC800AB172B /* FeedImageDataLoaderCacheDecoratorTests.swift in Sources */,
				BDD9ACFC284C9E4900561721 /* UIButton+TestHelpers.swift in Sources */,
				BD9038F6283F809D00AB172B /* XCTestCase+FeedLoader.swift in Sources */,
				BDD9ACFB284C9E4900561721 /* FeedViewController+TestHelpers.swift in Sources */,
				BDD9ACF6284C9E4900561721 /* UIControl+TestHelpers.swift in Sources */,
				BD9039002842042F00AB172B /* XCTestCase+FeedImageDataLoader.swift in Sources */,
				BDD9ACDF284C99CE00561721 /* SceneDelegateTests.swift in Sources */,
				BDD9ACFD284C9E4900561721 /* FeedUIIntegrationTests+Assertions.swift in Sources */,
				BD9038F2283F783F00AB172B /* FeedLoaderCacheDecoratorTests.swift in Sources */,
				BD9038FE284203AC00AB172B /* FeedImageDataLoaderSpy.swift in Sources */,
				BDD9ACF8284C9E4900561721 /* UIImage+TestHelpers.swift in Sources */,
				BDD9ACF5284C9E4900561721 /* FeedImageCell+TestHelpers.swift in Sources */,
				BD9038E92838D76500AB172B /* FeedImageDataLoaderWithFallbackCompositeTests.swift in Sources */,
				BD9038E52838C29B00AB172B /* FeedLoaderWithFallbackCompositeTests.swift in Sources */,
				BD9038F4283F7F6D00AB172B /* FeedLoaderStub.swift in Sources */,
				BDD9ACF9284C9E4900561721 /* UIRefreshControl+TestHelpers.swift in Sources */,
				BDD9AD122855A55F00561721 /* UIView+TestHelpers.swift in Sources */,
				BDD9AD01284CA15100561721 /* FeedAcceptanceTests.swift in Sources */,
				BD9038EE2838E62600AB172B /* XCTestCase+MemoryLeakTracking.swift in Sources */,
				BDD9ACFF284C9E8300561721 /* FeedUIIntegrationTests.swift in Sources */,
				BDD9ACF7284C9E4900561721 /* FeedUIIntegrationTests+Localization.swift in Sources */,
			);
			runOnlyForDeploymentPostprocessing = 0;
		};
/* End PBXSourcesBuildPhase section */

/* Begin PBXTargetDependency section */
		BD9038C12838BA2E00AB172B /* PBXTargetDependency */ = {
			isa = PBXTargetDependency;
			target = BD9038A82838BA2B00AB172B /* EssentialApp */;
			targetProxy = BD9038C02838BA2E00AB172B /* PBXContainerItemProxy */;
		};
/* End PBXTargetDependency section */

/* Begin PBXVariantGroup section */
		BD9038B22838BA2B00AB172B /* Main.storyboard */ = {
			isa = PBXVariantGroup;
			children = (
				BD9038B32838BA2B00AB172B /* Base */,
			);
			name = Main.storyboard;
			sourceTree = "<group>";
		};
		BD9038B72838BA2E00AB172B /* LaunchScreen.storyboard */ = {
			isa = PBXVariantGroup;
			children = (
				BD9038B82838BA2E00AB172B /* Base */,
			);
			name = LaunchScreen.storyboard;
			sourceTree = "<group>";
		};
/* End PBXVariantGroup section */

/* Begin XCBuildConfiguration section */
		BD9038D12838BA2E00AB172B /* Debug */ = {
			isa = XCBuildConfiguration;
			buildSettings = {
				ALWAYS_SEARCH_USER_PATHS = NO;
				CLANG_ANALYZER_NONNULL = YES;
				CLANG_ANALYZER_NUMBER_OBJECT_CONVERSION = YES_AGGRESSIVE;
				CLANG_CXX_LANGUAGE_STANDARD = "gnu++17";
				CLANG_CXX_LIBRARY = "libc++";
				CLANG_ENABLE_MODULES = YES;
				CLANG_ENABLE_OBJC_ARC = YES;
				CLANG_ENABLE_OBJC_WEAK = YES;
				CLANG_WARN_BLOCK_CAPTURE_AUTORELEASING = YES;
				CLANG_WARN_BOOL_CONVERSION = YES;
				CLANG_WARN_COMMA = YES;
				CLANG_WARN_CONSTANT_CONVERSION = YES;
				CLANG_WARN_DEPRECATED_OBJC_IMPLEMENTATIONS = YES;
				CLANG_WARN_DIRECT_OBJC_ISA_USAGE = YES_ERROR;
				CLANG_WARN_DOCUMENTATION_COMMENTS = YES;
				CLANG_WARN_EMPTY_BODY = YES;
				CLANG_WARN_ENUM_CONVERSION = YES;
				CLANG_WARN_INFINITE_RECURSION = YES;
				CLANG_WARN_INT_CONVERSION = YES;
				CLANG_WARN_NON_LITERAL_NULL_CONVERSION = YES;
				CLANG_WARN_OBJC_IMPLICIT_RETAIN_SELF = YES;
				CLANG_WARN_OBJC_LITERAL_CONVERSION = YES;
				CLANG_WARN_OBJC_ROOT_CLASS = YES_ERROR;
				CLANG_WARN_QUOTED_INCLUDE_IN_FRAMEWORK_HEADER = YES;
				CLANG_WARN_RANGE_LOOP_ANALYSIS = YES;
				CLANG_WARN_STRICT_PROTOTYPES = YES;
				CLANG_WARN_SUSPICIOUS_MOVE = YES;
				CLANG_WARN_UNGUARDED_AVAILABILITY = YES_AGGRESSIVE;
				CLANG_WARN_UNREACHABLE_CODE = YES;
				CLANG_WARN__DUPLICATE_METHOD_MATCH = YES;
				COPY_PHASE_STRIP = NO;
				DEBUG_INFORMATION_FORMAT = dwarf;
				ENABLE_STRICT_OBJC_MSGSEND = YES;
				ENABLE_TESTABILITY = YES;
				GCC_C_LANGUAGE_STANDARD = gnu11;
				GCC_DYNAMIC_NO_PIC = NO;
				GCC_NO_COMMON_BLOCKS = YES;
				GCC_OPTIMIZATION_LEVEL = 0;
				GCC_PREPROCESSOR_DEFINITIONS = (
					"DEBUG=1",
					"$(inherited)",
				);
				GCC_WARN_64_TO_32_BIT_CONVERSION = YES;
				GCC_WARN_ABOUT_RETURN_TYPE = YES_ERROR;
				GCC_WARN_UNDECLARED_SELECTOR = YES;
				GCC_WARN_UNINITIALIZED_AUTOS = YES_AGGRESSIVE;
				GCC_WARN_UNUSED_FUNCTION = YES;
				GCC_WARN_UNUSED_VARIABLE = YES;
				IPHONEOS_DEPLOYMENT_TARGET = 15.2;
				MTL_ENABLE_DEBUG_INFO = INCLUDE_SOURCE;
				MTL_FAST_MATH = YES;
				ONLY_ACTIVE_ARCH = YES;
				SDKROOT = iphoneos;
				SWIFT_ACTIVE_COMPILATION_CONDITIONS = DEBUG;
				SWIFT_OPTIMIZATION_LEVEL = "-Onone";
			};
			name = Debug;
		};
		BD9038D22838BA2E00AB172B /* Release */ = {
			isa = XCBuildConfiguration;
			buildSettings = {
				ALWAYS_SEARCH_USER_PATHS = NO;
				CLANG_ANALYZER_NONNULL = YES;
				CLANG_ANALYZER_NUMBER_OBJECT_CONVERSION = YES_AGGRESSIVE;
				CLANG_CXX_LANGUAGE_STANDARD = "gnu++17";
				CLANG_CXX_LIBRARY = "libc++";
				CLANG_ENABLE_MODULES = YES;
				CLANG_ENABLE_OBJC_ARC = YES;
				CLANG_ENABLE_OBJC_WEAK = YES;
				CLANG_WARN_BLOCK_CAPTURE_AUTORELEASING = YES;
				CLANG_WARN_BOOL_CONVERSION = YES;
				CLANG_WARN_COMMA = YES;
				CLANG_WARN_CONSTANT_CONVERSION = YES;
				CLANG_WARN_DEPRECATED_OBJC_IMPLEMENTATIONS = YES;
				CLANG_WARN_DIRECT_OBJC_ISA_USAGE = YES_ERROR;
				CLANG_WARN_DOCUMENTATION_COMMENTS = YES;
				CLANG_WARN_EMPTY_BODY = YES;
				CLANG_WARN_ENUM_CONVERSION = YES;
				CLANG_WARN_INFINITE_RECURSION = YES;
				CLANG_WARN_INT_CONVERSION = YES;
				CLANG_WARN_NON_LITERAL_NULL_CONVERSION = YES;
				CLANG_WARN_OBJC_IMPLICIT_RETAIN_SELF = YES;
				CLANG_WARN_OBJC_LITERAL_CONVERSION = YES;
				CLANG_WARN_OBJC_ROOT_CLASS = YES_ERROR;
				CLANG_WARN_QUOTED_INCLUDE_IN_FRAMEWORK_HEADER = YES;
				CLANG_WARN_RANGE_LOOP_ANALYSIS = YES;
				CLANG_WARN_STRICT_PROTOTYPES = YES;
				CLANG_WARN_SUSPICIOUS_MOVE = YES;
				CLANG_WARN_UNGUARDED_AVAILABILITY = YES_AGGRESSIVE;
				CLANG_WARN_UNREACHABLE_CODE = YES;
				CLANG_WARN__DUPLICATE_METHOD_MATCH = YES;
				COPY_PHASE_STRIP = NO;
				DEBUG_INFORMATION_FORMAT = "dwarf-with-dsym";
				ENABLE_NS_ASSERTIONS = NO;
				ENABLE_STRICT_OBJC_MSGSEND = YES;
				GCC_C_LANGUAGE_STANDARD = gnu11;
				GCC_NO_COMMON_BLOCKS = YES;
				GCC_WARN_64_TO_32_BIT_CONVERSION = YES;
				GCC_WARN_ABOUT_RETURN_TYPE = YES_ERROR;
				GCC_WARN_UNDECLARED_SELECTOR = YES;
				GCC_WARN_UNINITIALIZED_AUTOS = YES_AGGRESSIVE;
				GCC_WARN_UNUSED_FUNCTION = YES;
				GCC_WARN_UNUSED_VARIABLE = YES;
				IPHONEOS_DEPLOYMENT_TARGET = 15.2;
				MTL_ENABLE_DEBUG_INFO = NO;
				MTL_FAST_MATH = YES;
				SDKROOT = iphoneos;
				SWIFT_COMPILATION_MODE = wholemodule;
				SWIFT_OPTIMIZATION_LEVEL = "-O";
				VALIDATE_PRODUCT = YES;
			};
			name = Release;
		};
		BD9038D42838BA2E00AB172B /* Debug */ = {
			isa = XCBuildConfiguration;
			buildSettings = {
				ASSETCATALOG_COMPILER_APPICON_NAME = AppIcon;
				ASSETCATALOG_COMPILER_GLOBAL_ACCENT_COLOR_NAME = AccentColor;
				CODE_SIGN_STYLE = Automatic;
				CURRENT_PROJECT_VERSION = 1;
				DEVELOPMENT_TEAM = 29G25875TY;
				GENERATE_INFOPLIST_FILE = YES;
				INFOPLIST_FILE = EssentialApp/Info.plist;
				INFOPLIST_KEY_UIApplicationSupportsIndirectInputEvents = YES;
				INFOPLIST_KEY_UILaunchStoryboardName = LaunchScreen;
				INFOPLIST_KEY_UIMainStoryboardFile = Main;
				INFOPLIST_KEY_UISupportedInterfaceOrientations = UIInterfaceOrientationPortrait;
				INFOPLIST_KEY_UISupportedInterfaceOrientations_iPad = "UIInterfaceOrientationPortrait UIInterfaceOrientationPortraitUpsideDown UIInterfaceOrientationLandscapeLeft UIInterfaceOrientationLandscapeRight";
				INFOPLIST_KEY_UISupportedInterfaceOrientations_iPhone = "UIInterfaceOrientationPortrait UIInterfaceOrientationLandscapeLeft UIInterfaceOrientationLandscapeRight";
				LD_RUNPATH_SEARCH_PATHS = (
					"$(inherited)",
					"@executable_path/Frameworks",
				);
				MARKETING_VERSION = 1.0;
				PRODUCT_BUNDLE_IDENTIFIER = com.benzgideon.EssentialApp;
				PRODUCT_NAME = "$(TARGET_NAME)";
				SWIFT_EMIT_LOC_STRINGS = YES;
				SWIFT_VERSION = 5.0;
				TARGETED_DEVICE_FAMILY = "1,2";
			};
			name = Debug;
		};
		BD9038D52838BA2E00AB172B /* Release */ = {
			isa = XCBuildConfiguration;
			buildSettings = {
				ASSETCATALOG_COMPILER_APPICON_NAME = AppIcon;
				ASSETCATALOG_COMPILER_GLOBAL_ACCENT_COLOR_NAME = AccentColor;
				CODE_SIGN_STYLE = Automatic;
				CURRENT_PROJECT_VERSION = 1;
				DEVELOPMENT_TEAM = 29G25875TY;
				GENERATE_INFOPLIST_FILE = YES;
				INFOPLIST_FILE = EssentialApp/Info.plist;
				INFOPLIST_KEY_UIApplicationSupportsIndirectInputEvents = YES;
				INFOPLIST_KEY_UILaunchStoryboardName = LaunchScreen;
				INFOPLIST_KEY_UIMainStoryboardFile = Main;
				INFOPLIST_KEY_UISupportedInterfaceOrientations = UIInterfaceOrientationPortrait;
				INFOPLIST_KEY_UISupportedInterfaceOrientations_iPad = "UIInterfaceOrientationPortrait UIInterfaceOrientationPortraitUpsideDown UIInterfaceOrientationLandscapeLeft UIInterfaceOrientationLandscapeRight";
				INFOPLIST_KEY_UISupportedInterfaceOrientations_iPhone = "UIInterfaceOrientationPortrait UIInterfaceOrientationLandscapeLeft UIInterfaceOrientationLandscapeRight";
				LD_RUNPATH_SEARCH_PATHS = (
					"$(inherited)",
					"@executable_path/Frameworks",
				);
				MARKETING_VERSION = 1.0;
				PRODUCT_BUNDLE_IDENTIFIER = com.benzgideon.EssentialApp;
				PRODUCT_NAME = "$(TARGET_NAME)";
				SWIFT_EMIT_LOC_STRINGS = YES;
				SWIFT_VERSION = 5.0;
				TARGETED_DEVICE_FAMILY = "1,2";
			};
			name = Release;
		};
		BD9038D72838BA2E00AB172B /* Debug */ = {
			isa = XCBuildConfiguration;
			buildSettings = {
				ALWAYS_EMBED_SWIFT_STANDARD_LIBRARIES = YES;
				BUNDLE_LOADER = "$(TEST_HOST)";
				CLANG_ENABLE_MODULES = YES;
				CODE_SIGN_STYLE = Automatic;
				CURRENT_PROJECT_VERSION = 1;
				DEVELOPMENT_TEAM = 29G25875TY;
				GENERATE_INFOPLIST_FILE = YES;
				IPHONEOS_DEPLOYMENT_TARGET = 15.2;
				LD_RUNPATH_SEARCH_PATHS = (
					"$(inherited)",
					"@executable_path/Frameworks",
					"@loader_path/Frameworks",
				);
				MARKETING_VERSION = 1.0;
				PRODUCT_BUNDLE_IDENTIFIER = com.benzgideon.EssentialAppTests;
				PRODUCT_NAME = "$(TARGET_NAME)";
				SWIFT_EMIT_LOC_STRINGS = NO;
				SWIFT_OPTIMIZATION_LEVEL = "-Onone";
				SWIFT_VERSION = 5.0;
				TARGETED_DEVICE_FAMILY = "1,2";
				TEST_HOST = "$(BUILT_PRODUCTS_DIR)/EssentialApp.app/EssentialApp";
			};
			name = Debug;
		};
		BD9038D82838BA2E00AB172B /* Release */ = {
			isa = XCBuildConfiguration;
			buildSettings = {
				ALWAYS_EMBED_SWIFT_STANDARD_LIBRARIES = YES;
				BUNDLE_LOADER = "$(TEST_HOST)";
				CLANG_ENABLE_MODULES = YES;
				CODE_SIGN_STYLE = Automatic;
				CURRENT_PROJECT_VERSION = 1;
				DEVELOPMENT_TEAM = 29G25875TY;
				GENERATE_INFOPLIST_FILE = YES;
				IPHONEOS_DEPLOYMENT_TARGET = 15.2;
				LD_RUNPATH_SEARCH_PATHS = (
					"$(inherited)",
					"@executable_path/Frameworks",
					"@loader_path/Frameworks",
				);
				MARKETING_VERSION = 1.0;
				PRODUCT_BUNDLE_IDENTIFIER = com.benzgideon.EssentialAppTests;
				PRODUCT_NAME = "$(TARGET_NAME)";
				SWIFT_EMIT_LOC_STRINGS = NO;
				SWIFT_VERSION = 5.0;
				TARGETED_DEVICE_FAMILY = "1,2";
				TEST_HOST = "$(BUILT_PRODUCTS_DIR)/EssentialApp.app/EssentialApp";
			};
			name = Release;
		};
/* End XCBuildConfiguration section */

/* Begin XCConfigurationList section */
		BD9038A42838BA2B00AB172B /* Build configuration list for PBXProject "EssentialApp" */ = {
			isa = XCConfigurationList;
			buildConfigurations = (
				BD9038D12838BA2E00AB172B /* Debug */,
				BD9038D22838BA2E00AB172B /* Release */,
			);
			defaultConfigurationIsVisible = 0;
			defaultConfigurationName = Release;
		};
		BD9038D32838BA2E00AB172B /* Build configuration list for PBXNativeTarget "EssentialApp" */ = {
			isa = XCConfigurationList;
			buildConfigurations = (
				BD9038D42838BA2E00AB172B /* Debug */,
				BD9038D52838BA2E00AB172B /* Release */,
			);
			defaultConfigurationIsVisible = 0;
			defaultConfigurationName = Release;
		};
		BD9038D62838BA2E00AB172B /* Build configuration list for PBXNativeTarget "EssentialAppTests" */ = {
			isa = XCConfigurationList;
			buildConfigurations = (
				BD9038D72838BA2E00AB172B /* Debug */,
				BD9038D82838BA2E00AB172B /* Release */,
			);
			defaultConfigurationIsVisible = 0;
			defaultConfigurationName = Release;
		};
/* End XCConfigurationList section */
	};
	rootObject = BD9038A12838BA2B00AB172B /* Project object */;
}
